// !$*UTF8*$!
{
	archiveVersion = 1;
	classes = {
	};
	objectVersion = 50;
	objects = {

/* Begin PBXBuildFile section */
		A11CB8F025E53D8B00559988 /* AppDelegate.swift in Sources */ = {isa = PBXBuildFile; fileRef = A11CB8EF25E53D8B00559988 /* AppDelegate.swift */; };
		A11CB8F225E53D8B00559988 /* SceneDelegate.swift in Sources */ = {isa = PBXBuildFile; fileRef = A11CB8F125E53D8B00559988 /* SceneDelegate.swift */; };
		A11CB8F425E53D8B00559988 /* ViewController.swift in Sources */ = {isa = PBXBuildFile; fileRef = A11CB8F325E53D8B00559988 /* ViewController.swift */; };
		A11CB8F725E53D8B00559988 /* Main.storyboard in Resources */ = {isa = PBXBuildFile; fileRef = A11CB8F525E53D8B00559988 /* Main.storyboard */; };
		A11CB8F925E53D8C00559988 /* Assets.xcassets in Resources */ = {isa = PBXBuildFile; fileRef = A11CB8F825E53D8C00559988 /* Assets.xcassets */; };
		A11CB8FC25E53D8C00559988 /* LaunchScreen.storyboard in Resources */ = {isa = PBXBuildFile; fileRef = A11CB8FA25E53D8C00559988 /* LaunchScreen.storyboard */; };
		A11CB90725E53D8D00559988 /* AppTestTests.swift in Sources */ = {isa = PBXBuildFile; fileRef = A11CB90625E53D8D00559988 /* AppTestTests.swift */; };
		A11CB91225E53D8D00559988 /* AppTestUITests.swift in Sources */ = {isa = PBXBuildFile; fileRef = A11CB91125E53D8D00559988 /* AppTestUITests.swift */; };
		A11CB92325E5E16400559988 /* HistoryViewController.swift in Sources */ = {isa = PBXBuildFile; fileRef = A11CB92225E5E16400559988 /* HistoryViewController.swift */; };
/* End PBXBuildFile section */

/* Begin PBXContainerItemProxy section */
		A11CB90325E53D8D00559988 /* PBXContainerItemProxy */ = {
			isa = PBXContainerItemProxy;
			containerPortal = A11CB8E425E53D8B00559988 /* Project object */;
			proxyType = 1;
			remoteGlobalIDString = A11CB8EB25E53D8B00559988;
			remoteInfo = AppTest;
		};
		A11CB90E25E53D8D00559988 /* PBXContainerItemProxy */ = {
			isa = PBXContainerItemProxy;
			containerPortal = A11CB8E425E53D8B00559988 /* Project object */;
			proxyType = 1;
			remoteGlobalIDString = A11CB8EB25E53D8B00559988;
			remoteInfo = AppTest;
		};
/* End PBXContainerItemProxy section */

/* Begin PBXFileReference section */
		A11CB8EC25E53D8B00559988 /* AppTest.app */ = {isa = PBXFileReference; explicitFileType = wrapper.application; includeInIndex = 0; path = AppTest.app; sourceTree = BUILT_PRODUCTS_DIR; };
		A11CB8EF25E53D8B00559988 /* AppDelegate.swift */ = {isa = PBXFileReference; lastKnownFileType = sourcecode.swift; path = AppDelegate.swift; sourceTree = "<group>"; };
		A11CB8F125E53D8B00559988 /* SceneDelegate.swift */ = {isa = PBXFileReference; lastKnownFileType = sourcecode.swift; path = SceneDelegate.swift; sourceTree = "<group>"; };
		A11CB8F325E53D8B00559988 /* ViewController.swift */ = {isa = PBXFileReference; lastKnownFileType = sourcecode.swift; path = ViewController.swift; sourceTree = "<group>"; };
		A11CB8F625E53D8B00559988 /* Base */ = {isa = PBXFileReference; lastKnownFileType = file.storyboard; name = Base; path = Base.lproj/Main.storyboard; sourceTree = "<group>"; };
		A11CB8F825E53D8C00559988 /* Assets.xcassets */ = {isa = PBXFileReference; lastKnownFileType = folder.assetcatalog; path = Assets.xcassets; sourceTree = "<group>"; };
		A11CB8FB25E53D8C00559988 /* Base */ = {isa = PBXFileReference; lastKnownFileType = file.storyboard; name = Base; path = Base.lproj/LaunchScreen.storyboard; sourceTree = "<group>"; };
		A11CB8FD25E53D8C00559988 /* Info.plist */ = {isa = PBXFileReference; lastKnownFileType = text.plist.xml; path = Info.plist; sourceTree = "<group>"; };
		A11CB90225E53D8D00559988 /* AppTestTests.xctest */ = {isa = PBXFileReference; explicitFileType = wrapper.cfbundle; includeInIndex = 0; path = AppTestTests.xctest; sourceTree = BUILT_PRODUCTS_DIR; };
		A11CB90625E53D8D00559988 /* AppTestTests.swift */ = {isa = PBXFileReference; lastKnownFileType = sourcecode.swift; path = AppTestTests.swift; sourceTree = "<group>"; };
		A11CB90825E53D8D00559988 /* Info.plist */ = {isa = PBXFileReference; lastKnownFileType = text.plist.xml; path = Info.plist; sourceTree = "<group>"; };
		A11CB90D25E53D8D00559988 /* AppTestUITests.xctest */ = {isa = PBXFileReference; explicitFileType = wrapper.cfbundle; includeInIndex = 0; path = AppTestUITests.xctest; sourceTree = BUILT_PRODUCTS_DIR; };
		A11CB91125E53D8D00559988 /* AppTestUITests.swift */ = {isa = PBXFileReference; lastKnownFileType = sourcecode.swift; path = AppTestUITests.swift; sourceTree = "<group>"; };
		A11CB91325E53D8D00559988 /* Info.plist */ = {isa = PBXFileReference; lastKnownFileType = text.plist.xml; path = Info.plist; sourceTree = "<group>"; };
		A11CB92225E5E16400559988 /* HistoryViewController.swift */ = {isa = PBXFileReference; lastKnownFileType = sourcecode.swift; path = HistoryViewController.swift; sourceTree = "<group>"; };
/* End PBXFileReference section */

/* Begin PBXFrameworksBuildPhase section */
		A11CB8E925E53D8B00559988 /* Frameworks */ = {
			isa = PBXFrameworksBuildPhase;
			buildActionMask = 2147483647;
			files = (
			);
			runOnlyForDeploymentPostprocessing = 0;
		};
		A11CB8FF25E53D8D00559988 /* Frameworks */ = {
			isa = PBXFrameworksBuildPhase;
			buildActionMask = 2147483647;
			files = (
			);
			runOnlyForDeploymentPostprocessing = 0;
		};
		A11CB90A25E53D8D00559988 /* Frameworks */ = {
			isa = PBXFrameworksBuildPhase;
			buildActionMask = 2147483647;
			files = (
			);
			runOnlyForDeploymentPostprocessing = 0;
		};
/* End PBXFrameworksBuildPhase section */

/* Begin PBXGroup section */
		A11CB8E325E53D8B00559988 = {
			isa = PBXGroup;
			children = (
				A11CB8EE25E53D8B00559988 /* AppTest */,
				A11CB90525E53D8D00559988 /* AppTestTests */,
				A11CB91025E53D8D00559988 /* AppTestUITests */,
				A11CB8ED25E53D8B00559988 /* Products */,
			);
			sourceTree = "<group>";
		};
		A11CB8ED25E53D8B00559988 /* Products */ = {
			isa = PBXGroup;
			children = (
				A11CB8EC25E53D8B00559988 /* AppTest.app */,
				A11CB90225E53D8D00559988 /* AppTestTests.xctest */,
				A11CB90D25E53D8D00559988 /* AppTestUITests.xctest */,
			);
			name = Products;
			sourceTree = "<group>";
		};
		A11CB8EE25E53D8B00559988 /* AppTest */ = {
			isa = PBXGroup;
			children = (
				A11CB8EF25E53D8B00559988 /* AppDelegate.swift */,
				A11CB8F125E53D8B00559988 /* SceneDelegate.swift */,
				A11CB8F325E53D8B00559988 /* ViewController.swift */,
				A11CB92225E5E16400559988 /* HistoryViewController.swift */,
				A11CB8F525E53D8B00559988 /* Main.storyboard */,
				A11CB8F825E53D8C00559988 /* Assets.xcassets */,
				A11CB8FA25E53D8C00559988 /* LaunchScreen.storyboard */,
				A11CB8FD25E53D8C00559988 /* Info.plist */,
			);
			path = AppTest;
			sourceTree = "<group>";
		};
		A11CB90525E53D8D00559988 /* AppTestTests */ = {
			isa = PBXGroup;
			children = (
				A11CB90625E53D8D00559988 /* AppTestTests.swift */,
				A11CB90825E53D8D00559988 /* Info.plist */,
			);
			path = AppTestTests;
			sourceTree = "<group>";
		};
		A11CB91025E53D8D00559988 /* AppTestUITests */ = {
			isa = PBXGroup;
			children = (
				A11CB91125E53D8D00559988 /* AppTestUITests.swift */,
				A11CB91325E53D8D00559988 /* Info.plist */,
			);
			path = AppTestUITests;
			sourceTree = "<group>";
		};
/* End PBXGroup section */

/* Begin PBXNativeTarget section */
		A11CB8EB25E53D8B00559988 /* AppTest */ = {
			isa = PBXNativeTarget;
			buildConfigurationList = A11CB91625E53D8D00559988 /* Build configuration list for PBXNativeTarget "AppTest" */;
			buildPhases = (
				A11CB8E825E53D8B00559988 /* Sources */,
				A11CB8E925E53D8B00559988 /* Frameworks */,
				A11CB8EA25E53D8B00559988 /* Resources */,
			);
			buildRules = (
			);
			dependencies = (
			);
			name = AppTest;
			productName = AppTest;
			productReference = A11CB8EC25E53D8B00559988 /* AppTest.app */;
			productType = "com.apple.product-type.application";
		};
		A11CB90125E53D8D00559988 /* AppTestTests */ = {
			isa = PBXNativeTarget;
			buildConfigurationList = A11CB91925E53D8D00559988 /* Build configuration list for PBXNativeTarget "AppTestTests" */;
			buildPhases = (
				A11CB8FE25E53D8D00559988 /* Sources */,
				A11CB8FF25E53D8D00559988 /* Frameworks */,
				A11CB90025E53D8D00559988 /* Resources */,
			);
			buildRules = (
			);
			dependencies = (
				A11CB90425E53D8D00559988 /* PBXTargetDependency */,
			);
			name = AppTestTests;
			productName = AppTestTests;
			productReference = A11CB90225E53D8D00559988 /* AppTestTests.xctest */;
			productType = "com.apple.product-type.bundle.unit-test";
		};
		A11CB90C25E53D8D00559988 /* AppTestUITests */ = {
			isa = PBXNativeTarget;
			buildConfigurationList = A11CB91C25E53D8D00559988 /* Build configuration list for PBXNativeTarget "AppTestUITests" */;
			buildPhases = (
				A11CB90925E53D8D00559988 /* Sources */,
				A11CB90A25E53D8D00559988 /* Frameworks */,
				A11CB90B25E53D8D00559988 /* Resources */,
			);
			buildRules = (
			);
			dependencies = (
				A11CB90F25E53D8D00559988 /* PBXTargetDependency */,
			);
			name = AppTestUITests;
			productName = AppTestUITests;
			productReference = A11CB90D25E53D8D00559988 /* AppTestUITests.xctest */;
			productType = "com.apple.product-type.bundle.ui-testing";
		};
/* End PBXNativeTarget section */

/* Begin PBXProject section */
		A11CB8E425E53D8B00559988 /* Project object */ = {
			isa = PBXProject;
			attributes = {
				LastSwiftUpdateCheck = 1210;
				LastUpgradeCheck = 1210;
				TargetAttributes = {
					A11CB8EB25E53D8B00559988 = {
						CreatedOnToolsVersion = 12.1;
					};
					A11CB90125E53D8D00559988 = {
						CreatedOnToolsVersion = 12.1;
						TestTargetID = A11CB8EB25E53D8B00559988;
					};
					A11CB90C25E53D8D00559988 = {
						CreatedOnToolsVersion = 12.1;
						TestTargetID = A11CB8EB25E53D8B00559988;
					};
				};
			};
			buildConfigurationList = A11CB8E725E53D8B00559988 /* Build configuration list for PBXProject "AppTest" */;
			compatibilityVersion = "Xcode 9.3";
			developmentRegion = en;
			hasScannedForEncodings = 0;
			knownRegions = (
				en,
				Base,
			);
			mainGroup = A11CB8E325E53D8B00559988;
			productRefGroup = A11CB8ED25E53D8B00559988 /* Products */;
			projectDirPath = "";
			projectRoot = "";
			targets = (
				A11CB8EB25E53D8B00559988 /* AppTest */,
				A11CB90125E53D8D00559988 /* AppTestTests */,
				A11CB90C25E53D8D00559988 /* AppTestUITests */,
			);
		};
/* End PBXProject section */

/* Begin PBXResourcesBuildPhase section */
		A11CB8EA25E53D8B00559988 /* Resources */ = {
			isa = PBXResourcesBuildPhase;
			buildActionMask = 2147483647;
			files = (
				A11CB8FC25E53D8C00559988 /* LaunchScreen.storyboard in Resources */,
				A11CB8F925E53D8C00559988 /* Assets.xcassets in Resources */,
				A11CB8F725E53D8B00559988 /* Main.storyboard in Resources */,
			);
			runOnlyForDeploymentPostprocessing = 0;
		};
		A11CB90025E53D8D00559988 /* Resources */ = {
			isa = PBXResourcesBuildPhase;
			buildActionMask = 2147483647;
			files = (
			);
			runOnlyForDeploymentPostprocessing = 0;
		};
		A11CB90B25E53D8D00559988 /* Resources */ = {
			isa = PBXResourcesBuildPhase;
			buildActionMask = 2147483647;
			files = (
			);
			runOnlyForDeploymentPostprocessing = 0;
		};
/* End PBXResourcesBuildPhase section */

/* Begin PBXSourcesBuildPhase section */
		A11CB8E825E53D8B00559988 /* Sources */ = {
			isa = PBXSourcesBuildPhase;
			buildActionMask = 2147483647;
			files = (
				A11CB8F425E53D8B00559988 /* ViewController.swift in Sources */,
				A11CB8F025E53D8B00559988 /* AppDelegate.swift in Sources */,
				A11CB8F225E53D8B00559988 /* SceneDelegate.swift in Sources */,
				A11CB92325E5E16400559988 /* HistoryViewController.swift in Sources */,
			);
			runOnlyForDeploymentPostprocessing = 0;
		};
		A11CB8FE25E53D8D00559988 /* Sources */ = {
			isa = PBXSourcesBuildPhase;
			buildActionMask = 2147483647;
			files = (
				A11CB90725E53D8D00559988 /* AppTestTests.swift in Sources */,
			);
			runOnlyForDeploymentPostprocessing = 0;
		};
		A11CB90925E53D8D00559988 /* Sources */ = {
			isa = PBXSourcesBuildPhase;
			buildActionMask = 2147483647;
			files = (
				A11CB91225E53D8D00559988 /* AppTestUITests.swift in Sources */,
			);
			runOnlyForDeploymentPostprocessing = 0;
		};
/* End PBXSourcesBuildPhase section */

/* Begin PBXTargetDependency section */
		A11CB90425E53D8D00559988 /* PBXTargetDependency */ = {
			isa = PBXTargetDependency;
			target = A11CB8EB25E53D8B00559988 /* AppTest */;
			targetProxy = A11CB90325E53D8D00559988 /* PBXContainerItemProxy */;
		};
		A11CB90F25E53D8D00559988 /* PBXTargetDependency */ = {
			isa = PBXTargetDependency;
			target = A11CB8EB25E53D8B00559988 /* AppTest */;
			targetProxy = A11CB90E25E53D8D00559988 /* PBXContainerItemProxy */;
		};
/* End PBXTargetDependency section */

/* Begin PBXVariantGroup section */
		A11CB8F525E53D8B00559988 /* Main.storyboard */ = {
			isa = PBXVariantGroup;
			children = (
				A11CB8F625E53D8B00559988 /* Base */,
			);
			name = Main.storyboard;
			sourceTree = "<group>";
		};
		A11CB8FA25E53D8C00559988 /* LaunchScreen.storyboard */ = {
			isa = PBXVariantGroup;
			children = (
				A11CB8FB25E53D8C00559988 /* Base */,
			);
			name = LaunchScreen.storyboard;
			sourceTree = "<group>";
		};
/* End PBXVariantGroup section */

/* Begin XCBuildConfiguration section */
		A11CB91425E53D8D00559988 /* Debug */ = {
			isa = XCBuildConfiguration;
			buildSettings = {
				ALWAYS_SEARCH_USER_PATHS = NO;
				CLANG_ANALYZER_NONNULL = YES;
				CLANG_ANALYZER_NUMBER_OBJECT_CONVERSION = YES_AGGRESSIVE;
				CLANG_CXX_LANGUAGE_STANDARD = "gnu++14";
				CLANG_CXX_LIBRARY = "libc++";
				CLANG_ENABLE_MODULES = YES;
				CLANG_ENABLE_OBJC_ARC = YES;
				CLANG_ENABLE_OBJC_WEAK = YES;
				CLANG_WARN_BLOCK_CAPTURE_AUTORELEASING = YES;
				CLANG_WARN_BOOL_CONVERSION = YES;
				CLANG_WARN_COMMA = YES;
				CLANG_WARN_CONSTANT_CONVERSION = YES;
				CLANG_WARN_DEPRECATED_OBJC_IMPLEMENTATIONS = YES;
				CLANG_WARN_DIRECT_OBJC_ISA_USAGE = YES_ERROR;
				CLANG_WARN_DOCUMENTATION_COMMENTS = YES;
				CLANG_WARN_EMPTY_BODY = YES;
				CLANG_WARN_ENUM_CONVERSION = YES;
				CLANG_WARN_INFINITE_RECURSION = YES;
				CLANG_WARN_INT_CONVERSION = YES;
				CLANG_WARN_NON_LITERAL_NULL_CONVERSION = YES;
				CLANG_WARN_OBJC_IMPLICIT_RETAIN_SELF = YES;
				CLANG_WARN_OBJC_LITERAL_CONVERSION = YES;
				CLANG_WARN_OBJC_ROOT_CLASS = YES_ERROR;
				CLANG_WARN_QUOTED_INCLUDE_IN_FRAMEWORK_HEADER = YES;
				CLANG_WARN_RANGE_LOOP_ANALYSIS = YES;
				CLANG_WARN_STRICT_PROTOTYPES = YES;
				CLANG_WARN_SUSPICIOUS_MOVE = YES;
				CLANG_WARN_UNGUARDED_AVAILABILITY = YES_AGGRESSIVE;
				CLANG_WARN_UNREACHABLE_CODE = YES;
				CLANG_WARN__DUPLICATE_METHOD_MATCH = YES;
				COPY_PHASE_STRIP = NO;
				DEBUG_INFORMATION_FORMAT = dwarf;
				ENABLE_STRICT_OBJC_MSGSEND = YES;
				ENABLE_TESTABILITY = YES;
				GCC_C_LANGUAGE_STANDARD = gnu11;
				GCC_DYNAMIC_NO_PIC = NO;
				GCC_NO_COMMON_BLOCKS = YES;
				GCC_OPTIMIZATION_LEVEL = 0;
				GCC_PREPROCESSOR_DEFINITIONS = (
					"DEBUG=1",
					"$(inherited)",
				);
				GCC_WARN_64_TO_32_BIT_CONVERSION = YES;
				GCC_WARN_ABOUT_RETURN_TYPE = YES_ERROR;
				GCC_WARN_UNDECLARED_SELECTOR = YES;
				GCC_WARN_UNINITIALIZED_AUTOS = YES_AGGRESSIVE;
				GCC_WARN_UNUSED_FUNCTION = YES;
				GCC_WARN_UNUSED_VARIABLE = YES;
				IPHONEOS_DEPLOYMENT_TARGET = 14.1;
				MTL_ENABLE_DEBUG_INFO = INCLUDE_SOURCE;
				MTL_FAST_MATH = YES;
				ONLY_ACTIVE_ARCH = YES;
				SDKROOT = iphoneos;
				SWIFT_ACTIVE_COMPILATION_CONDITIONS = DEBUG;
				SWIFT_OPTIMIZATION_LEVEL = "-Onone";
			};
			name = Debug;
		};
		A11CB91525E53D8D00559988 /* Release */ = {
			isa = XCBuildConfiguration;
			buildSettings = {
				ALWAYS_SEARCH_USER_PATHS = NO;
				CLANG_ANALYZER_NONNULL = YES;
				CLANG_ANALYZER_NUMBER_OBJECT_CONVERSION = YES_AGGRESSIVE;
				CLANG_CXX_LANGUAGE_STANDARD = "gnu++14";
				CLANG_CXX_LIBRARY = "libc++";
				CLANG_ENABLE_MODULES = YES;
				CLANG_ENABLE_OBJC_ARC = YES;
				CLANG_ENABLE_OBJC_WEAK = YES;
				CLANG_WARN_BLOCK_CAPTURE_AUTORELEASING = YES;
				CLANG_WARN_BOOL_CONVERSION = YES;
				CLANG_WARN_COMMA = YES;
				CLANG_WARN_CONSTANT_CONVERSION = YES;
				CLANG_WARN_DEPRECATED_OBJC_IMPLEMENTATIONS = YES;
				CLANG_WARN_DIRECT_OBJC_ISA_USAGE = YES_ERROR;
				CLANG_WARN_DOCUMENTATION_COMMENTS = YES;
				CLANG_WARN_EMPTY_BODY = YES;
				CLANG_WARN_ENUM_CONVERSION = YES;
				CLANG_WARN_INFINITE_RECURSION = YES;
				CLANG_WARN_INT_CONVERSION = YES;
				CLANG_WARN_NON_LITERAL_NULL_CONVERSION = YES;
				CLANG_WARN_OBJC_IMPLICIT_RETAIN_SELF = YES;
				CLANG_WARN_OBJC_LITERAL_CONVERSION = YES;
				CLANG_WARN_OBJC_ROOT_CLASS = YES_ERROR;
				CLANG_WARN_QUOTED_INCLUDE_IN_FRAMEWORK_HEADER = YES;
				CLANG_WARN_RANGE_LOOP_ANALYSIS = YES;
				CLANG_WARN_STRICT_PROTOTYPES = YES;
				CLANG_WARN_SUSPICIOUS_MOVE = YES;
				CLANG_WARN_UNGUARDED_AVAILABILITY = YES_AGGRESSIVE;
				CLANG_WARN_UNREACHABLE_CODE = YES;
				CLANG_WARN__DUPLICATE_METHOD_MATCH = YES;
				COPY_PHASE_STRIP = NO;
				DEBUG_INFORMATION_FORMAT = "dwarf-with-dsym";
				ENABLE_NS_ASSERTIONS = NO;
				ENABLE_STRICT_OBJC_MSGSEND = YES;
				GCC_C_LANGUAGE_STANDARD = gnu11;
				GCC_NO_COMMON_BLOCKS = YES;
				GCC_WARN_64_TO_32_BIT_CONVERSION = YES;
				GCC_WARN_ABOUT_RETURN_TYPE = YES_ERROR;
				GCC_WARN_UNDECLARED_SELECTOR = YES;
				GCC_WARN_UNINITIALIZED_AUTOS = YES_AGGRESSIVE;
				GCC_WARN_UNUSED_FUNCTION = YES;
				GCC_WARN_UNUSED_VARIABLE = YES;
				IPHONEOS_DEPLOYMENT_TARGET = 14.1;
				MTL_ENABLE_DEBUG_INFO = NO;
				MTL_FAST_MATH = YES;
				SDKROOT = iphoneos;
				SWIFT_COMPILATION_MODE = wholemodule;
				SWIFT_OPTIMIZATION_LEVEL = "-O";
				VALIDATE_PRODUCT = YES;
			};
			name = Release;
		};
		A11CB91725E53D8D00559988 /* Debug */ = {
			isa = XCBuildConfiguration;
			buildSettings = {
				ASSETCATALOG_COMPILER_APPICON_NAME = AppIcon;
				ASSETCATALOG_COMPILER_GLOBAL_ACCENT_COLOR_NAME = AccentColor;
				CODE_SIGN_STYLE = Automatic;
				INFOPLIST_FILE = AppTest/Info.plist;
				LD_RUNPATH_SEARCH_PATHS = (
					"$(inherited)",
					"@executable_path/Frameworks",
				);
				PRODUCT_BUNDLE_IDENTIFIER = com.abc.test.AppTest;
				PRODUCT_NAME = "$(TARGET_NAME)";
				SWIFT_VERSION = 5.0;
				TARGETED_DEVICE_FAMILY = "1,2";
			};
			name = Debug;
		};
		A11CB91825E53D8D00559988 /* Release */ = {
			isa = XCBuildConfiguration;
			buildSettings = {
				ASSETCATALOG_COMPILER_APPICON_NAME = AppIcon;
				ASSETCATALOG_COMPILER_GLOBAL_ACCENT_COLOR_NAME = AccentColor;
				CODE_SIGN_STYLE = Automatic;
				INFOPLIST_FILE = AppTest/Info.plist;
				LD_RUNPATH_SEARCH_PATHS = (
					"$(inherited)",
					"@executable_path/Frameworks",
				);
				PRODUCT_BUNDLE_IDENTIFIER = com.abc.test.AppTest;
				PRODUCT_NAME = "$(TARGET_NAME)";
				SWIFT_VERSION = 5.0;
				TARGETED_DEVICE_FAMILY = "1,2";
			};
			name = Release;
		};
		A11CB91A25E53D8D00559988 /* Debug */ = {
			isa = XCBuildConfiguration;
			buildSettings = {
				ALWAYS_EMBED_SWIFT_STANDARD_LIBRARIES = YES;
				BUNDLE_LOADER = "$(TEST_HOST)";
				CODE_SIGN_STYLE = Automatic;
				INFOPLIST_FILE = AppTestTests/Info.plist;
				IPHONEOS_DEPLOYMENT_TARGET = 14.1;
				LD_RUNPATH_SEARCH_PATHS = (
					"$(inherited)",
					"@executable_path/Frameworks",
					"@loader_path/Frameworks",
				);
				PRODUCT_BUNDLE_IDENTIFIER = com.abc.test.AppTestTests;
				PRODUCT_NAME = "$(TARGET_NAME)";
				SWIFT_VERSION = 5.0;
				TARGETED_DEVICE_FAMILY = "1,2";
				TEST_HOST = "$(BUILT_PRODUCTS_DIR)/AppTest.app/AppTest";
			};
			name = Debug;
		};
		A11CB91B25E53D8D00559988 /* Release */ = {
			isa = XCBuildConfiguration;
			buildSettings = {
				ALWAYS_EMBED_SWIFT_STANDARD_LIBRARIES = YES;
				BUNDLE_LOADER = "$(TEST_HOST)";
				CODE_SIGN_STYLE = Automatic;
				INFOPLIST_FILE = AppTestTests/Info.plist;
				IPHONEOS_DEPLOYMENT_TARGET = 14.1;
				LD_RUNPATH_SEARCH_PATHS = (
					"$(inherited)",
					"@executable_path/Frameworks",
					"@loader_path/Frameworks",
				);
				PRODUCT_BUNDLE_IDENTIFIER = com.abc.test.AppTestTests;
				PRODUCT_NAME = "$(TARGET_NAME)";
				SWIFT_VERSION = 5.0;
				TARGETED_DEVICE_FAMILY = "1,2";
				TEST_HOST = "$(BUILT_PRODUCTS_DIR)/AppTest.app/AppTest";
			};
			name = Release;
		};
		A11CB91D25E53D8D00559988 /* Debug */ = {
			isa = XCBuildConfiguration;
			buildSettings = {
				ALWAYS_EMBED_SWIFT_STANDARD_LIBRARIES = YES;
				CODE_SIGN_STYLE = Automatic;
				INFOPLIST_FILE = AppTestUITests/Info.plist;
				LD_RUNPATH_SEARCH_PATHS = (
					"$(inherited)",
					"@executable_path/Frameworks",
					"@loader_path/Frameworks",
				);
				PRODUCT_BUNDLE_IDENTIFIER = com.abc.test.AppTestUITests;
				PRODUCT_NAME = "$(TARGET_NAME)";
				SWIFT_VERSION = 5.0;
				TARGETED_DEVICE_FAMILY = "1,2";
				TEST_TARGET_NAME = AppTest;
			};
			name = Debug;
		};
		A11CB91E25E53D8D00559988 /* Release */ = {
			isa = XCBuildConfiguration;
			buildSettings = {
				ALWAYS_EMBED_SWIFT_STANDARD_LIBRARIES = YES;
				CODE_SIGN_STYLE = Automatic;
				INFOPLIST_FILE = AppTestUITests/Info.plist;
				LD_RUNPATH_SEARCH_PATHS = (
					"$(inherited)",
					"@executable_path/Frameworks",
					"@loader_path/Frameworks",
				);
				PRODUCT_BUNDLE_IDENTIFIER = com.abc.test.AppTestUITests;
				PRODUCT_NAME = "$(TARGET_NAME)";
				SWIFT_VERSION = 5.0;
				TARGETED_DEVICE_FAMILY = "1,2";
				TEST_TARGET_NAME = AppTest;
			};
			name = Release;
		};
/* End XCBuildConfiguration section */

/* Begin XCConfigurationList section */
		A11CB8E725E53D8B00559988 /* Build configuration list for PBXProject "AppTest" */ = {
			isa = XCConfigurationList;
			buildConfigurations = (
				A11CB91425E53D8D00559988 /* Debug */,
				A11CB91525E53D8D00559988 /* Release */,
			);
			defaultConfigurationIsVisible = 0;
			defaultConfigurationName = Release;
		};
		A11CB91625E53D8D00559988 /* Build configuration list for PBXNativeTarget "AppTest" */ = {
			isa = XCConfigurationList;
			buildConfigurations = (
				A11CB91725E53D8D00559988 /* Debug */,
				A11CB91825E53D8D00559988 /* Release */,
			);
			defaultConfigurationIsVisible = 0;
			defaultConfigurationName = Release;
		};
		A11CB91925E53D8D00559988 /* Build configuration list for PBXNativeTarget "AppTestTests" */ = {
			isa = XCConfigurationList;
			buildConfigurations = (
				A11CB91A25E53D8D00559988 /* Debug */,
				A11CB91B25E53D8D00559988 /* Release */,
			);
			defaultConfigurationIsVisible = 0;
			defaultConfigurationName = Release;
		};
		A11CB91C25E53D8D00559988 /* Build configuration list for PBXNativeTarget "AppTestUITests" */ = {
			isa = XCConfigurationList;
			buildConfigurations = (
				A11CB91D25E53D8D00559988 /* Debug */,
				A11CB91E25E53D8D00559988 /* Release */,
			);
			defaultConfigurationIsVisible = 0;
			defaultConfigurationName = Release;
		};
/* End XCConfigurationList section */
	};
	rootObject = A11CB8E425E53D8B00559988 /* Project object */;
}
